// !$*UTF8*$!
{
	archiveVersion = 1;
	classes = {
	};
	objectVersion = 50;
	objects = {

/* Begin PBXBuildFile section */
		D81015812349067400159075 /* AppDelegate.swift in Sources */ = {isa = PBXBuildFile; fileRef = D81015802349067400159075 /* AppDelegate.swift */; };
		D81015832349067400159075 /* ViewController.swift in Sources */ = {isa = PBXBuildFile; fileRef = D81015822349067400159075 /* ViewController.swift */; };
		D81015852349067500159075 /* Assets.xcassets in Resources */ = {isa = PBXBuildFile; fileRef = D81015842349067500159075 /* Assets.xcassets */; };
		D81015882349067500159075 /* Main.storyboard in Resources */ = {isa = PBXBuildFile; fileRef = D81015862349067500159075 /* Main.storyboard */; };
		D8101591234908E200159075 /* home-bg-new.jpg in Resources */ = {isa = PBXBuildFile; fileRef = D8101590234908E200159075 /* home-bg-new.jpg */; };
		D83472E5235CD41500B51741 /* DesktopWallpaperController.swift in Sources */ = {isa = PBXBuildFile; fileRef = D83472E4235CD41500B51741 /* DesktopWallpaperController.swift */; };
		D8607683234945DE00929AEA /* View.xib in Resources */ = {isa = PBXBuildFile; fileRef = D8607682234945DE00929AEA /* View.xib */; };
/* End PBXBuildFile section */

/* Begin PBXFileReference section */
		D810157D2349067400159075 /* scrtry.app */ = {isa = PBXFileReference; explicitFileType = wrapper.application; includeInIndex = 0; path = scrtry.app; sourceTree = BUILT_PRODUCTS_DIR; };
		D81015802349067400159075 /* AppDelegate.swift */ = {isa = PBXFileReference; lastKnownFileType = sourcecode.swift; path = AppDelegate.swift; sourceTree = "<group>"; };
		D81015822349067400159075 /* ViewController.swift */ = {isa = PBXFileReference; lastKnownFileType = sourcecode.swift; path = ViewController.swift; sourceTree = "<group>"; };
		D81015842349067500159075 /* Assets.xcassets */ = {isa = PBXFileReference; lastKnownFileType = folder.assetcatalog; path = Assets.xcassets; sourceTree = "<group>"; };
		D81015872349067500159075 /* Base */ = {isa = PBXFileReference; lastKnownFileType = file.storyboard; name = Base; path = Base.lproj/Main.storyboard; sourceTree = "<group>"; };
		D81015892349067500159075 /* Info.plist */ = {isa = PBXFileReference; lastKnownFileType = text.plist.xml; path = Info.plist; sourceTree = "<group>"; };
		D810158A2349067500159075 /* scrtry.entitlements */ = {isa = PBXFileReference; lastKnownFileType = text.plist.entitlements; path = scrtry.entitlements; sourceTree = "<group>"; };
		D8101590234908E200159075 /* home-bg-new.jpg */ = {isa = PBXFileReference; lastKnownFileType = image.jpeg; path = "home-bg-new.jpg"; sourceTree = "<group>"; };
		D83472E4235CD41500B51741 /* DesktopWallpaperController.swift */ = {isa = PBXFileReference; lastKnownFileType = sourcecode.swift; path = DesktopWallpaperController.swift; sourceTree = "<group>"; };
		D8607682234945DE00929AEA /* View.xib */ = {isa = PBXFileReference; lastKnownFileType = file.xib; path = View.xib; sourceTree = "<group>"; };
/* End PBXFileReference section */

/* Begin PBXFrameworksBuildPhase section */
		D810157A2349067400159075 /* Frameworks */ = {
			isa = PBXFrameworksBuildPhase;
			buildActionMask = 2147483647;
			files = (
			);
			runOnlyForDeploymentPostprocessing = 0;
		};
/* End PBXFrameworksBuildPhase section */

/* Begin PBXGroup section */
		D81015742349067400159075 = {
			isa = PBXGroup;
			children = (
				D810157F2349067400159075 /* scrtry */,
				D810157E2349067400159075 /* Products */,
			);
			sourceTree = "<group>";
		};
		D810157E2349067400159075 /* Products */ = {
			isa = PBXGroup;
			children = (
				D810157D2349067400159075 /* scrtry.app */,
			);
			name = Products;
			sourceTree = "<group>";
		};
		D810157F2349067400159075 /* scrtry */ = {
			isa = PBXGroup;
			children = (
				D81015802349067400159075 /* AppDelegate.swift */,
				D8101590234908E200159075 /* home-bg-new.jpg */,
				D81015822349067400159075 /* ViewController.swift */,
				D81015842349067500159075 /* Assets.xcassets */,
				D81015862349067500159075 /* Main.storyboard */,
				D81015892349067500159075 /* Info.plist */,
				D810158A2349067500159075 /* scrtry.entitlements */,
				D8607682234945DE00929AEA /* View.xib */,
				D83472E4235CD41500B51741 /* DesktopWallpaperController.swift */,
			);
			path = scrtry;
			sourceTree = "<group>";
		};
/* End PBXGroup section */

/* Begin PBXNativeTarget section */
		D810157C2349067400159075 /* scrtry */ = {
			isa = PBXNativeTarget;
			buildConfigurationList = D810158D2349067500159075 /* Build configuration list for PBXNativeTarget "scrtry" */;
			buildPhases = (
				D81015792349067400159075 /* Sources */,
				D810157A2349067400159075 /* Frameworks */,
				D810157B2349067400159075 /* Resources */,
			);
			buildRules = (
			);
			dependencies = (
			);
			name = scrtry;
			productName = scrtry;
			productReference = D810157D2349067400159075 /* scrtry.app */;
			productType = "com.apple.product-type.application";
		};
/* End PBXNativeTarget section */

/* Begin PBXProject section */
		D81015752349067400159075 /* Project object */ = {
			isa = PBXProject;
			attributes = {
				LastSwiftUpdateCheck = 1030;
				LastUpgradeCheck = 1030;
				ORGANIZATIONNAME = Badi3;
				TargetAttributes = {
					D810157C2349067400159075 = {
						CreatedOnToolsVersion = 10.3;
						SystemCapabilities = {
							com.apple.Sandbox = {
								enabled = 1;
							};
						};
					};
				};
			};
			buildConfigurationList = D81015782349067400159075 /* Build configuration list for PBXProject "scrtry" */;
			compatibilityVersion = "Xcode 9.3";
			developmentRegion = en;
			hasScannedForEncodings = 0;
			knownRegions = (
				en,
				Base,
			);
			mainGroup = D81015742349067400159075;
			productRefGroup = D810157E2349067400159075 /* Products */;
			projectDirPath = "";
			projectRoot = "";
			targets = (
				D810157C2349067400159075 /* scrtry */,
			);
		};
/* End PBXProject section */

/* Begin PBXResourcesBuildPhase section */
		D810157B2349067400159075 /* Resources */ = {
			isa = PBXResourcesBuildPhase;
			buildActionMask = 2147483647;
			files = (
				D8607683234945DE00929AEA /* View.xib in Resources */,
				D81015852349067500159075 /* Assets.xcassets in Resources */,
				D8101591234908E200159075 /* home-bg-new.jpg in Resources */,
				D81015882349067500159075 /* Main.storyboard in Resources */,
			);
			runOnlyForDeploymentPostprocessing = 0;
		};
/* End PBXResourcesBuildPhase section */

/* Begin PBXSourcesBuildPhase section */
		D81015792349067400159075 /* Sources */ = {
			isa = PBXSourcesBuildPhase;
			buildActionMask = 2147483647;
			files = (
				D81015832349067400159075 /* ViewController.swift in Sources */,
				D83472E5235CD41500B51741 /* DesktopWallpaperController.swift in Sources */,
				D81015812349067400159075 /* AppDelegate.swift in Sources */,
			);
			runOnlyForDeploymentPostprocessing = 0;
		};
/* End PBXSourcesBuildPhase section */

/* Begin PBXVariantGroup section */
		D81015862349067500159075 /* Main.storyboard */ = {
			isa = PBXVariantGroup;
			children = (
				D81015872349067500159075 /* Base */,
			);
			name = Main.storyboard;
			sourceTree = "<group>";
		};
/* End PBXVariantGroup section */

/* Begin XCBuildConfiguration section */
		D810158B2349067500159075 /* Debug */ = {
			isa = XCBuildConfiguration;
			buildSettings = {
				ALWAYS_SEARCH_USER_PATHS = NO;
				CLANG_ANALYZER_NONNULL = YES;
				CLANG_ANALYZER_NUMBER_OBJECT_CONVERSION = YES_AGGRESSIVE;
				CLANG_CXX_LANGUAGE_STANDARD = "gnu++14";
				CLANG_CXX_LIBRARY = "libc++";
				CLANG_ENABLE_MODULES = YES;
				CLANG_ENABLE_OBJC_ARC = YES;
				CLANG_ENABLE_OBJC_WEAK = YES;
				CLANG_WARN_BLOCK_CAPTURE_AUTORELEASING = YES;
				CLANG_WARN_BOOL_CONVERSION = YES;
				CLANG_WARN_COMMA = YES;
				CLANG_WARN_CONSTANT_CONVERSION = YES;
				CLANG_WARN_DEPRECATED_OBJC_IMPLEMENTATIONS = YES;
				CLANG_WARN_DIRECT_OBJC_ISA_USAGE = YES_ERROR;
				CLANG_WARN_DOCUMENTATION_COMMENTS = YES;
				CLANG_WARN_EMPTY_BODY = YES;
				CLANG_WARN_ENUM_CONVERSION = YES;
				CLANG_WARN_INFINITE_RECURSION = YES;
				CLANG_WARN_INT_CONVERSION = YES;
				CLANG_WARN_NON_LITERAL_NULL_CONVERSION = YES;
				CLANG_WARN_OBJC_IMPLICIT_RETAIN_SELF = YES;
				CLANG_WARN_OBJC_LITERAL_CONVERSION = YES;
				CLANG_WARN_OBJC_ROOT_CLASS = YES_ERROR;
				CLANG_WARN_RANGE_LOOP_ANALYSIS = YES;
				CLANG_WARN_STRICT_PROTOTYPES = YES;
				CLANG_WARN_SUSPICIOUS_MOVE = YES;
				CLANG_WARN_UNGUARDED_AVAILABILITY = YES_AGGRESSIVE;
				CLANG_WARN_UNREACHABLE_CODE = YES;
				CLANG_WARN__DUPLICATE_METHOD_MATCH = YES;
				CODE_SIGN_IDENTITY = "Mac Developer";
				COPY_PHASE_STRIP = NO;
				DEBUG_INFORMATION_FORMAT = dwarf;
				ENABLE_STRICT_OBJC_MSGSEND = YES;
				ENABLE_TESTABILITY = YES;
				GCC_C_LANGUAGE_STANDARD = gnu11;
				GCC_DYNAMIC_NO_PIC = NO;
				GCC_NO_COMMON_BLOCKS = YES;
				GCC_OPTIMIZATION_LEVEL = 0;
				GCC_PREPROCESSOR_DEFINITIONS = (
					"DEBUG=1",
					"$(inherited)",
				);
				GCC_WARN_64_TO_32_BIT_CONVERSION = YES;
				GCC_WARN_ABOUT_RETURN_TYPE = YES_ERROR;
				GCC_WARN_UNDECLARED_SELECTOR = YES;
				GCC_WARN_UNINITIALIZED_AUTOS = YES_AGGRESSIVE;
				GCC_WARN_UNUSED_FUNCTION = YES;
				GCC_WARN_UNUSED_VARIABLE = YES;
				MACOSX_DEPLOYMENT_TARGET = 10.14;
				MTL_ENABLE_DEBUG_INFO = INCLUDE_SOURCE;
				MTL_FAST_MATH = YES;
				ONLY_ACTIVE_ARCH = YES;
				SDKROOT = macosx;
				SWIFT_ACTIVE_COMPILATION_CONDITIONS = DEBUG;
				SWIFT_OPTIMIZATION_LEVEL = "-Onone";
			};
			name = Debug;
		};
		D810158C2349067500159075 /* Release */ = {
			isa = XCBuildConfiguration;
			buildSettings = {
				ALWAYS_SEARCH_USER_PATHS = NO;
				CLANG_ANALYZER_NONNULL = YES;
				CLANG_ANALYZER_NUMBER_OBJECT_CONVERSION = YES_AGGRESSIVE;
				CLANG_CXX_LANGUAGE_STANDARD = "gnu++14";
				CLANG_CXX_LIBRARY = "libc++";
				CLANG_ENABLE_MODULES = YES;
				CLANG_ENABLE_OBJC_ARC = YES;
				CLANG_ENABLE_OBJC_WEAK = YES;
				CLANG_WARN_BLOCK_CAPTURE_AUTORELEASING = YES;
				CLANG_WARN_BOOL_CONVERSION = YES;
				CLANG_WARN_COMMA = YES;
				CLANG_WARN_CONSTANT_CONVERSION = YES;
				CLANG_WARN_DEPRECATED_OBJC_IMPLEMENTATIONS = YES;
				CLANG_WARN_DIRECT_OBJC_ISA_USAGE = YES_ERROR;
				CLANG_WARN_DOCUMENTATION_COMMENTS = YES;
				CLANG_WARN_EMPTY_BODY = YES;
				CLANG_WARN_ENUM_CONVERSION = YES;
				CLANG_WARN_INFINITE_RECURSION = YES;
				CLANG_WARN_INT_CONVERSION = YES;
				CLANG_WARN_NON_LITERAL_NULL_CONVERSION = YES;
				CLANG_WARN_OBJC_IMPLICIT_RETAIN_SELF = YES;
				CLANG_WARN_OBJC_LITERAL_CONVERSION = YES;
				CLANG_WARN_OBJC_ROOT_CLASS = YES_ERROR;
				CLANG_WARN_RANGE_LOOP_ANALYSIS = YES;
				CLANG_WARN_STRICT_PROTOTYPES = YES;
				CLANG_WARN_SUSPICIOUS_MOVE = YES;
				CLANG_WARN_UNGUARDED_AVAILABILITY = YES_AGGRESSIVE;
				CLANG_WARN_UNREACHABLE_CODE = YES;
				CLANG_WARN__DUPLICATE_METHOD_MATCH = YES;
				CODE_SIGN_IDENTITY = "Mac Developer";
				COPY_PHASE_STRIP = NO;
				DEBUG_INFORMATION_FORMAT = "dwarf-with-dsym";
				ENABLE_NS_ASSERTIONS = NO;
				ENABLE_STRICT_OBJC_MSGSEND = YES;
				GCC_C_LANGUAGE_STANDARD = gnu11;
				GCC_NO_COMMON_BLOCKS = YES;
				GCC_WARN_64_TO_32_BIT_CONVERSION = YES;
				GCC_WARN_ABOUT_RETURN_TYPE = YES_ERROR;
				GCC_WARN_UNDECLARED_SELECTOR = YES;
				GCC_WARN_UNINITIALIZED_AUTOS = YES_AGGRESSIVE;
				GCC_WARN_UNUSED_FUNCTION = YES;
				GCC_WARN_UNUSED_VARIABLE = YES;
				MACOSX_DEPLOYMENT_TARGET = 10.14;
				MTL_ENABLE_DEBUG_INFO = NO;
				MTL_FAST_MATH = YES;
				SDKROOT = macosx;
				SWIFT_COMPILATION_MODE = wholemodule;
				SWIFT_OPTIMIZATION_LEVEL = "-O";
			};
			name = Release;
		};
		D810158E2349067500159075 /* Debug */ = {
			isa = XCBuildConfiguration;
			buildSettings = {
				ASSETCATALOG_COMPILER_APPICON_NAME = AppIcon;
				CODE_SIGN_ENTITLEMENTS = scrtry/scrtry.entitlements;
				CODE_SIGN_STYLE = Automatic;
				COMBINE_HIDPI_IMAGES = YES;
				DEVELOPMENT_TEAM = KEYC53CXGS;
				INFOPLIST_FILE = scrtry/Info.plist;
				LD_RUNPATH_SEARCH_PATHS = (
					"$(inherited)",
					"@executable_path/../Frameworks",
				);
				PRODUCT_BUNDLE_IDENTIFIER = app.scrtry.scrtry;
				PRODUCT_NAME = "$(TARGET_NAME)";
				SWIFT_VERSION = 5.0;
			};
			name = Debug;
		};
		D810158F2349067500159075 /* Release */ = {
			isa = XCBuildConfiguration;
			buildSettings = {
				ASSETCATALOG_COMPILER_APPICON_NAME = AppIcon;
				CODE_SIGN_ENTITLEMENTS = scrtry/scrtry.entitlements;
				CODE_SIGN_STYLE = Automatic;
				COMBINE_HIDPI_IMAGES = YES;
				DEVELOPMENT_TEAM = KEYC53CXGS;
				INFOPLIST_FILE = scrtry/Info.plist;
				LD_RUNPATH_SEARCH_PATHS = (
					"$(inherited)",
					"@executable_path/../Frameworks",
				);
				PRODUCT_BUNDLE_IDENTIFIER = app.scrtry.scrtry;
				PRODUCT_NAME = "$(TARGET_NAME)";
				SWIFT_VERSION = 5.0;
			};
			name = Release;
		};
/* End XCBuildConfiguration section */

/* Begin XCConfigurationList section */
		D81015782349067400159075 /* Build configuration list for PBXProject "scrtry" */ = {
			isa = XCConfigurationList;
			buildConfigurations = (
				D810158B2349067500159075 /* Debug */,
				D810158C2349067500159075 /* Release */,
			);
			defaultConfigurationIsVisible = 0;
			defaultConfigurationName = Release;
		};
		D810158D2349067500159075 /* Build configuration list for PBXNativeTarget "scrtry" */ = {
			isa = XCConfigurationList;
			buildConfigurations = (
				D810158E2349067500159075 /* Debug */,
				D810158F2349067500159075 /* Release */,
			);
			defaultConfigurationIsVisible = 0;
			defaultConfigurationName = Release;
		};
/* End XCConfigurationList section */
	};
	rootObject = D81015752349067400159075 /* Project object */;
}
